schema: '2.0'
stages:
  prepare:
    cmd: python prepare.py
    deps:
    - path: ../../config/data.yaml
      hash: md5
      md5: 0dc87b324c12218372ddf6a9e2daf984
      size: 804
    - path: prepare.py
      hash: md5
      md5: 258f0cc67396bc04ecad4bd450a7553c
      size: 268
    params:
      prepare_params.yaml:
        end_date: '2023-10-27'
        start_date: '2000-01-03'
    outs:
    - path: ../../data/val.csv
      hash: md5
      md5: 492d5dbcf8da484317d8b30c3d995464
      size: 3222043
  train:
    cmd: python train.py
    deps:
    - path: ../../config/models.yaml
      hash: md5
      md5: 2d0b3f263bc2c34a014bf3c57bbfe86e
      size: 412
    - path: ../../data/val.csv
      hash: md5
      md5: 492d5dbcf8da484317d8b30c3d995464
      size: 3222043
    - path: train.py
      hash: md5
      md5: 1602707c2987e94ad393fcace5482322
      size: 346
    outs:
    - path: ../../ckpts/val
      hash: md5
      md5: e6b9dacebbc7f1e4101d4dd19cc7a90b.dir
      size: 21778669
      nfiles: 44
  validate:
    cmd: python validate.py
    deps:
    - path: ../../ckpts/val
      hash: md5
      md5: e6b9dacebbc7f1e4101d4dd19cc7a90b.dir
      size: 21778669
      nfiles: 44
    - path: validate.py
      hash: md5
      md5: d355789ac644d8c6170fee759e5f6461
      size: 1089
    params:
      validate_params.yaml:
        n_validations: 100
    outs:
    - path: ../../results/validation_metrics.json
      hash: md5
      md5: fbc5c45f1fcca64478e80596c7908e45
      size: 962
    - path: ../../results/validation_results.csv
      hash: md5
      md5: bd0b47cc38e4e9ca9949ae4856d92087
      size: 261
