schema: '2.0'
stages:
  prepare:
    cmd: python prepare.py
    deps:
    - path: ../../config/data.yaml
      hash: md5
      md5: 0dc87b324c12218372ddf6a9e2daf984
      size: 804
    - path: prepare.py
      hash: md5
      md5: 890fc346dcb7dfb59c6c3cc1d47a1715
      size: 231
    params:
      prepare_params.yaml:
        end_date: '2023-10-06'
        start_date: '2000-01-03'
    outs:
    - path: ../../data/main.csv
      hash: md5
      md5: 5f0f86e68f1b8c26603ec01df79a4353
      size: 3214473
  train:
    cmd: python train.py
    deps:
    - path: ../../config/models.yaml
      hash: md5
      md5: 2d0b3f263bc2c34a014bf3c57bbfe86e
      size: 412
    - path: ../../data/main.csv
      hash: md5
      md5: 5f0f86e68f1b8c26603ec01df79a4353
      size: 3214473
    - path: train.py
      hash: md5
      md5: 2c37e378fd8755f98a1ade7246f79d23
      size: 520
    outs:
    - path: ../../ckpts/main
      hash: md5
      md5: 3a449aa1bc464ee3d7320f3c1fb1e6d0.dir
      size: 4848752
      nfiles: 34
  test:
    cmd: python test.py
    deps:
    - path: ../../ckpts/main
      hash: md5
      md5: 3a449aa1bc464ee3d7320f3c1fb1e6d0.dir
      size: 4848752
      nfiles: 34
    - path: test.py
      hash: md5
      md5: c3ebc99dfff2514f7f11118005dba508
      size: 1913
    outs:
    - path: ../../results/test_metrics.csv
      hash: md5
      md5: 8507e27dcf67ed526360e6952a01b25d
      size: 1299
    - path: ../../results/test_metrics.json
      hash: md5
      md5: 543c1ba13e10bcab7b566a547e966afb
      size: 972
    - path: ../../results/test_predictions.csv
      hash: md5
      md5: 877e576fac91329f1ebcf90355bff655
      size: 62867
    - path: ../../results/test_ranked.csv
      hash: md5
      md5: 292f05f9da48b3ea047749cf1f92a095
      size: 167
  forecast:
    cmd: python forecast.py
    deps:
    - path: ../../results/test_ranked.csv
      hash: md5
      md5: 292f05f9da48b3ea047749cf1f92a095
      size: 167
    - path: forecast.py
      hash: md5
      md5: edb287cd2c3273abfd014ce0dbd144f8
      size: 1172
    outs:
    - path: ../../ckpts/prod
      hash: md5
      md5: cc1d895a587ff9b0ed8a2e14a6b76c50.dir
      size: 4848475
      nfiles: 34
    - path: ../../results/forecast.csv
      hash: md5
      md5: 8c30f897f81d02db79970014f9766fad
      size: 33646
  recommend:
    cmd: python recommend.py
    deps:
    - path: ../../results/forecast.csv
      hash: md5
      md5: 8c30f897f81d02db79970014f9766fad
      size: 33646
    - path: recommend.py
      hash: md5
      md5: 5b6eca0ff1ff82f86dc40fc9fb6c23d2
      size: 1434
    outs:
    - path: ../../results/recommendation.json
      hash: md5
      md5: 5aed5d082a96b26887a4e7842b44d644
      size: 1751
